
Microsoft Visual Studio Solution File, Format Version 12.00
# Visual Studio 14
VisualStudioVersion = 14.0.23107.0
MinimumVisualStudioVersion = 10.0.40219.1
Project("{FAE04EC0-301F-11D3-BF4B-00C04F79EFBC}") = "GameLibrary", "GameLibrary\GameLibrary.csproj", "{1573AF98-F9C8-4515-9A4F-7E59160B28D6}"
EndProject
Project("{FAE04EC0-301F-11D3-BF4B-00C04F79EFBC}") = "TestGameLibrary", "TestGameLibrary\TestGameLibrary.csproj", "{C4631290-8202-4335-A6A1-C2FB42FA46FC}"
EndProject
Project("{FAE04EC0-301F-11D3-BF4B-00C04F79EFBC}") = "GraWKosciWebInterface", "GraWKosciWebInterface\GraWKosciWebInterface.csproj", "{BE20032C-8577-4089-8B8C-617057430E30}"
EndProject
Project("{FAE04EC0-301F-11D3-BF4B-00C04F79EFBC}") = "GraWKosci.DAL", "GraWKosci.DAL\GraWKosci.DAL.csproj", "{032AAD93-93DC-498A-8FF2-6063DE68F699}"
EndProject
Project("{FAE04EC0-301F-11D3-BF4B-00C04F79EFBC}") = "GraWKosci.WpfUI", "GraWKosci.WpfUI\GraWKosci.WpfUI.csproj", "{5BE8BFB5-8B91-4FA3-887F-F113A0F02062}"
EndProject
Global
	GlobalSection(SolutionConfigurationPlatforms) = preSolution
		Debug|Any CPU = Debug|Any CPU
		Release|Any CPU = Release|Any CPU
	EndGlobalSection
	GlobalSection(ProjectConfigurationPlatforms) = postSolution
		{1573AF98-F9C8-4515-9A4F-7E59160B28D6}.Debug|Any CPU.ActiveCfg = Debug|Any CPU
		{1573AF98-F9C8-4515-9A4F-7E59160B28D6}.Debug|Any CPU.Build.0 = Debug|Any CPU
		{1573AF98-F9C8-4515-9A4F-7E59160B28D6}.Release|Any CPU.ActiveCfg = Release|Any CPU
		{1573AF98-F9C8-4515-9A4F-7E59160B28D6}.Release|Any CPU.Build.0 = Release|Any CPU
		{C4631290-8202-4335-A6A1-C2FB42FA46FC}.Debug|Any CPU.ActiveCfg = Debug|Any CPU
		{C4631290-8202-4335-A6A1-C2FB42FA46FC}.Debug|Any CPU.Build.0 = Debug|Any CPU
		{C4631290-8202-4335-A6A1-C2FB42FA46FC}.Release|Any CPU.ActiveCfg = Release|Any CPU
		{C4631290-8202-4335-A6A1-C2FB42FA46FC}.Release|Any CPU.Build.0 = Release|Any CPU
		{BE20032C-8577-4089-8B8C-617057430E30}.Debug|Any CPU.ActiveCfg = Debug|Any CPU
		{BE20032C-8577-4089-8B8C-617057430E30}.Debug|Any CPU.Build.0 = Debug|Any CPU
		{BE20032C-8577-4089-8B8C-617057430E30}.Release|Any CPU.ActiveCfg = Release|Any CPU
		{BE20032C-8577-4089-8B8C-617057430E30}.Release|Any CPU.Build.0 = Release|Any CPU
		{032AAD93-93DC-498A-8FF2-6063DE68F699}.Debug|Any CPU.ActiveCfg = Debug|Any CPU
		{032AAD93-93DC-498A-8FF2-6063DE68F699}.Debug|Any CPU.Build.0 = Debug|Any CPU
		{032AAD93-93DC-498A-8FF2-6063DE68F699}.Release|Any CPU.ActiveCfg = Release|Any CPU
		{032AAD93-93DC-498A-8FF2-6063DE68F699}.Release|Any CPU.Build.0 = Release|Any CPU
		{5BE8BFB5-8B91-4FA3-887F-F113A0F02062}.Debug|Any CPU.ActiveCfg = Debug|Any CPU
		{5BE8BFB5-8B91-4FA3-887F-F113A0F02062}.Debug|Any CPU.Build.0 = Debug|Any CPU
		{5BE8BFB5-8B91-4FA3-887F-F113A0F02062}.Release|Any CPU.ActiveCfg = Release|Any CPU
		{5BE8BFB5-8B91-4FA3-887F-F113A0F02062}.Release|Any CPU.Build.0 = Release|Any CPU
	EndGlobalSection
	GlobalSection(SolutionProperties) = preSolution
		HideSolutionNode = FALSE
	EndGlobalSection
EndGlobal
